{
	"name": "emmet-ls",
	"version": "0.1.0",
	"lockfileVersion": 1,
	"requires": true,
	"dependencies": {
		"@emmetio/abbreviation": {
			"version": "2.1.1",
			"resolved": "https://registry.npmjs.org/@emmetio/abbreviation/-/abbreviation-2.1.1.tgz",
			"integrity": "sha512-2U9lDODdlaqZn6J84gG/czuJ5u7mHx3NfTEt0ZKeKBFnNdcM60ryWM7SEexh/UbdQmCNQIJE4m/wTNulilApOA==",
			"requires": {
				"@emmetio/scanner": "^1.0.0"
			}
		},
		"@emmetio/css-abbreviation": {
			"version": "2.1.2",
			"resolved": "https://registry.npmjs.org/@emmetio/css-abbreviation/-/css-abbreviation-2.1.2.tgz",
			"integrity": "sha512-CvYTzJltVpLqJaCZ1Qn97LVAKsl2Uwl2fzir1EX/WuMY3xWxgc3BWRCheL6k65km6GyDrLVl6RhrrNb/pxOiAQ==",
			"requires": {
				"@emmetio/scanner": "^1.0.0"
			}
		},
		"@emmetio/scanner": {
			"version": "1.0.0",
			"resolved": "https://registry.npmjs.org/@emmetio/scanner/-/scanner-1.0.0.tgz",
			"integrity": "sha512-8HqW8EVqjnCmWXVpqAOZf+EGESdkR27odcMMMGefgKXtar00SoYNSryGv//TELI4T3QFsECo78p+0lmalk/CFA=="
		},
		"@types/node": {
			"version": "14.14.16",
			"resolved": "https://registry.npmjs.org/@types/node/-/node-14.14.16.tgz",
			"integrity": "sha512-naXYePhweTi+BMv11TgioE2/FXU4fSl29HAH1ffxVciNsH3rYXjNP2yM8wqmSm7jS20gM8TIklKiTen+1iVncw=="
		},
		"emmet": {
			"version": "2.2.1",
			"resolved": "https://registry.npmjs.org/emmet/-/emmet-2.2.1.tgz",
			"integrity": "sha512-sX/Vyu7V84uwvJeuF+lQUeNa5njMPjF9DGoYEXBqueO+OFQVptMyG44RuBLiD+PSPNWk2hmaewWLeP3R+2/5jg==",
			"requires": {
				"@emmetio/abbreviation": "^2.1.1",
				"@emmetio/css-abbreviation": "^2.1.2"
			}
		},
		"typescript": {
			"version": "4.1.3",
			"resolved": "https://registry.npmjs.org/typescript/-/typescript-4.1.3.tgz",
			"integrity": "sha512-B3ZIOf1IKeH2ixgHhj6la6xdwR9QrLC5d1VKeCSY4tvkqhF2eqd9O7txNlS0PO3GrBAFIdr3L1ndNwteUbZLYg=="
		},
		"vscode-jsonrpc": {
			"version": "5.0.1",
			"resolved": "https://registry.npmjs.org/vscode-jsonrpc/-/vscode-jsonrpc-5.0.1.tgz",
			"integrity": "sha512-JvONPptw3GAQGXlVV2utDcHx0BiY34FupW/kI6mZ5x06ER5DdPG/tXWMVHjTNULF5uKPOUUD0SaXg5QaubJL0A=="
		},
		"vscode-languageserver": {
			"version": "6.1.1",
			"resolved": "https://registry.npmjs.org/vscode-languageserver/-/vscode-languageserver-6.1.1.tgz",
			"integrity": "sha512-DueEpkUAkD5XTR4MLYNr6bQIp/UFR0/IPApgXU3YfCBCB08u2sm9hRCs6DxYZELkk++STPjpcjksR2H8qI3cDQ==",
			"requires": {
				"vscode-languageserver-protocol": "^3.15.3"
			}
		},
		"vscode-languageserver-protocol": {
			"version": "3.15.3",
			"resolved": "https://registry.npmjs.org/vscode-languageserver-protocol/-/vscode-languageserver-protocol-3.15.3.tgz",
			"integrity": "sha512-zrMuwHOAQRhjDSnflWdJG+O2ztMWss8GqUUB8dXLR/FPenwkiBNkMIJJYfSN6sgskvsF0rHAoBowNQfbyZnnvw==",
			"requires": {
				"vscode-jsonrpc": "^5.0.1",
				"vscode-languageserver-types": "3.15.1"
			}
		},
		"vscode-languageserver-textdocument": {
			"version": "1.0.1",
			"resolved": "https://registry.npmjs.org/vscode-languageserver-textdocument/-/vscode-languageserver-textdocument-1.0.1.tgz",
			"integrity": "sha512-UIcJDjX7IFkck7cSkNNyzIz5FyvpQfY7sdzVy+wkKN/BLaD4DQ0ppXQrKePomCxTS7RrolK1I0pey0bG9eh8dA=="
		},
		"vscode-languageserver-types": {
			"version": "3.15.1",
			"resolved": "https://registry.npmjs.org/vscode-languageserver-types/-/vscode-languageserver-types-3.15.1.tgz",
			"integrity": "sha512-+a9MPUQrNGRrGU630OGbYVQ+11iOIovjCkqxajPa9w57Sd5ruK8WQNsslzpa0x/QJqC8kRc2DUxWjIFwoNm4ZQ=="
		}
	}
}
