{
	"name": "emmet-ls",
	"version": "0.3.1",
	"lockfileVersion": 2,
	"requires": true,
	"packages": {
		"": {
			"name": "emmet-ls",
			"version": "0.3.1",
			"license": "MIT",
			"dependencies": {
				"@types/node": "^17.0.45",
				"emmet": "^2.3.6",
				"typescript": "^4.8.4",
				"vscode-languageserver": "^7.0.0",
				"vscode-languageserver-textdocument": "^1.0.7"
			},
			"bin": {
				"emmet-ls": "out/server.js"
			},
			"engines": {
				"node": "*"
			}
		},
		"node_modules/@emmetio/abbreviation": {
			"version": "2.3.3",
			"resolved": "https://registry.npmjs.org/@emmetio/abbreviation/-/abbreviation-2.3.3.tgz",
			"integrity": "sha512-mgv58UrU3rh4YgbE/TzgLQwJ3pFsHHhCLqY20aJq+9comytTXUDNGG/SMtSeMJdkpxgXSXunBGLD8Boka3JyVA==",
			"dependencies": {
				"@emmetio/scanner": "^1.0.4"
			}
		},
		"node_modules/@emmetio/css-abbreviation": {
			"version": "2.1.8",
			"resolved": "https://registry.npmjs.org/@emmetio/css-abbreviation/-/css-abbreviation-2.1.8.tgz",
			"integrity": "sha512-s9yjhJ6saOO/uk1V74eifykk2CBYi01STTK3WlXWGOepyKa23ymJ053+DNQjpFcy1ingpaO7AxCcwLvHFY9tuw==",
			"dependencies": {
				"@emmetio/scanner": "^1.0.4"
			}
		},
		"node_modules/@emmetio/scanner": {
			"version": "1.0.4",
			"resolved": "https://registry.npmjs.org/@emmetio/scanner/-/scanner-1.0.4.tgz",
			"integrity": "sha512-IqRuJtQff7YHHBk4G8YZ45uB9BaAGcwQeVzgj/zj8/UdOhtQpEIupUhSk8dys6spFIWVZVeK20CzGEnqR5SbqA=="
		},
		"node_modules/@types/node": {
			"version": "17.0.45",
			"resolved": "https://registry.npmjs.org/@types/node/-/node-17.0.45.tgz",
			"integrity": "sha512-w+tIMs3rq2afQdsPJlODhoUEKzFP1ayaoyl1CcnwtIlsVe7K7bA1NGm4s3PraqTLlXnbIN84zuBlxBWo1u9BLw=="
		},
		"node_modules/emmet": {
			"version": "2.4.5",
			"resolved": "https://registry.npmjs.org/emmet/-/emmet-2.4.5.tgz",
			"integrity": "sha512-xOiVNINJFh0dMik+KzXSEYbAnFLTnadEzanxj7+F15uIf6avQwu3uPa1wI/8AFtOWKZ8lHg7TjC83wXcPhgOPw==",
			"dependencies": {
				"@emmetio/abbreviation": "^2.3.3",
				"@emmetio/css-abbreviation": "^2.1.8"
			}
		},
		"node_modules/typescript": {
			"version": "4.9.5",
			"resolved": "https://registry.npmjs.org/typescript/-/typescript-4.9.5.tgz",
			"integrity": "sha512-1FXk9E2Hm+QzZQ7z+McJiHL4NW1F2EzMu9Nq9i3zAaGqibafqYwCVU6WyWAuyQRRzOlxou8xZSyXLEN8oKj24g==",
			"bin": {
				"tsc": "bin/tsc",
				"tsserver": "bin/tsserver"
			},
			"engines": {
				"node": ">=4.2.0"
			}
		},
		"node_modules/vscode-jsonrpc": {
			"version": "6.0.0",
			"resolved": "https://registry.npmjs.org/vscode-jsonrpc/-/vscode-jsonrpc-6.0.0.tgz",
			"integrity": "sha512-wnJA4BnEjOSyFMvjZdpiOwhSq9uDoK8e/kpRJDTaMYzwlkrhG1fwDIZI94CLsLzlCK5cIbMMtFlJlfR57Lavmg==",
			"engines": {
				"node": ">=8.0.0 || >=10.0.0"
			}
		},
		"node_modules/vscode-languageserver": {
			"version": "7.0.0",
			"resolved": "https://registry.npmjs.org/vscode-languageserver/-/vscode-languageserver-7.0.0.tgz",
			"integrity": "sha512-60HTx5ID+fLRcgdHfmz0LDZAXYEV68fzwG0JWwEPBode9NuMYTIxuYXPg4ngO8i8+Ou0lM7y6GzaYWbiDL0drw==",
			"dependencies": {
				"vscode-languageserver-protocol": "3.16.0"
			},
			"bin": {
				"installServerIntoExtension": "bin/installServerIntoExtension"
			}
		},
		"node_modules/vscode-languageserver-protocol": {
			"version": "3.16.0",
			"resolved": "https://registry.npmjs.org/vscode-languageserver-protocol/-/vscode-languageserver-protocol-3.16.0.tgz",
			"integrity": "sha512-sdeUoAawceQdgIfTI+sdcwkiK2KU+2cbEYA0agzM2uqaUy2UpnnGHtWTHVEtS0ES4zHU0eMFRGN+oQgDxlD66A==",
			"dependencies": {
				"vscode-jsonrpc": "6.0.0",
				"vscode-languageserver-types": "3.16.0"
			}
		},
		"node_modules/vscode-languageserver-textdocument": {
			"version": "1.0.8",
			"resolved": "https://registry.npmjs.org/vscode-languageserver-textdocument/-/vscode-languageserver-textdocument-1.0.8.tgz",
			"integrity": "sha512-1bonkGqQs5/fxGT5UchTgjGVnfysL0O8v1AYMBjqTbWQTFn721zaPGDYFkOKtfDgFiSgXM3KwaG3FMGfW4Ed9Q=="
		},
		"node_modules/vscode-languageserver-types": {
			"version": "3.16.0",
			"resolved": "https://registry.npmjs.org/vscode-languageserver-types/-/vscode-languageserver-types-3.16.0.tgz",
			"integrity": "sha512-k8luDIWJWyenLc5ToFQQMaSrqCHiLwyKPHKPQZ5zz21vM+vIVUSvsRpcbiECH4WR88K2XZqc4ScRcZ7nk/jbeA=="
		}
	},
	"dependencies": {
		"@emmetio/abbreviation": {
			"version": "2.3.3",
			"resolved": "https://registry.npmjs.org/@emmetio/abbreviation/-/abbreviation-2.3.3.tgz",
			"integrity": "sha512-mgv58UrU3rh4YgbE/TzgLQwJ3pFsHHhCLqY20aJq+9comytTXUDNGG/SMtSeMJdkpxgXSXunBGLD8Boka3JyVA==",
			"requires": {
				"@emmetio/scanner": "^1.0.4"
			}
		},
		"@emmetio/css-abbreviation": {
			"version": "2.1.8",
			"resolved": "https://registry.npmjs.org/@emmetio/css-abbreviation/-/css-abbreviation-2.1.8.tgz",
			"integrity": "sha512-s9yjhJ6saOO/uk1V74eifykk2CBYi01STTK3WlXWGOepyKa23ymJ053+DNQjpFcy1ingpaO7AxCcwLvHFY9tuw==",
			"requires": {
				"@emmetio/scanner": "^1.0.4"
			}
		},
		"@emmetio/scanner": {
			"version": "1.0.4",
			"resolved": "https://registry.npmjs.org/@emmetio/scanner/-/scanner-1.0.4.tgz",
			"integrity": "sha512-IqRuJtQff7YHHBk4G8YZ45uB9BaAGcwQeVzgj/zj8/UdOhtQpEIupUhSk8dys6spFIWVZVeK20CzGEnqR5SbqA=="
		},
		"@types/node": {
			"version": "17.0.45",
			"resolved": "https://registry.npmjs.org/@types/node/-/node-17.0.45.tgz",
			"integrity": "sha512-w+tIMs3rq2afQdsPJlODhoUEKzFP1ayaoyl1CcnwtIlsVe7K7bA1NGm4s3PraqTLlXnbIN84zuBlxBWo1u9BLw=="
		},
		"emmet": {
			"version": "2.4.5",
			"resolved": "https://registry.npmjs.org/emmet/-/emmet-2.4.5.tgz",
			"integrity": "sha512-xOiVNINJFh0dMik+KzXSEYbAnFLTnadEzanxj7+F15uIf6avQwu3uPa1wI/8AFtOWKZ8lHg7TjC83wXcPhgOPw==",
			"requires": {
				"@emmetio/abbreviation": "^2.3.3",
				"@emmetio/css-abbreviation": "^2.1.8"
			}
		},
		"typescript": {
			"version": "4.9.5",
			"resolved": "https://registry.npmjs.org/typescript/-/typescript-4.9.5.tgz",
			"integrity": "sha512-1FXk9E2Hm+QzZQ7z+McJiHL4NW1F2EzMu9Nq9i3zAaGqibafqYwCVU6WyWAuyQRRzOlxou8xZSyXLEN8oKj24g=="
		},
		"vscode-jsonrpc": {
			"version": "6.0.0",
			"resolved": "https://registry.npmjs.org/vscode-jsonrpc/-/vscode-jsonrpc-6.0.0.tgz",
			"integrity": "sha512-wnJA4BnEjOSyFMvjZdpiOwhSq9uDoK8e/kpRJDTaMYzwlkrhG1fwDIZI94CLsLzlCK5cIbMMtFlJlfR57Lavmg=="
		},
		"vscode-languageserver": {
			"version": "7.0.0",
			"resolved": "https://registry.npmjs.org/vscode-languageserver/-/vscode-languageserver-7.0.0.tgz",
			"integrity": "sha512-60HTx5ID+fLRcgdHfmz0LDZAXYEV68fzwG0JWwEPBode9NuMYTIxuYXPg4ngO8i8+Ou0lM7y6GzaYWbiDL0drw==",
			"requires": {
				"vscode-languageserver-protocol": "3.16.0"
			}
		},
		"vscode-languageserver-protocol": {
			"version": "3.16.0",
			"resolved": "https://registry.npmjs.org/vscode-languageserver-protocol/-/vscode-languageserver-protocol-3.16.0.tgz",
			"integrity": "sha512-sdeUoAawceQdgIfTI+sdcwkiK2KU+2cbEYA0agzM2uqaUy2UpnnGHtWTHVEtS0ES4zHU0eMFRGN+oQgDxlD66A==",
			"requires": {
				"vscode-jsonrpc": "6.0.0",
				"vscode-languageserver-types": "3.16.0"
			}
		},
		"vscode-languageserver-textdocument": {
			"version": "1.0.8",
			"resolved": "https://registry.npmjs.org/vscode-languageserver-textdocument/-/vscode-languageserver-textdocument-1.0.8.tgz",
			"integrity": "sha512-1bonkGqQs5/fxGT5UchTgjGVnfysL0O8v1AYMBjqTbWQTFn721zaPGDYFkOKtfDgFiSgXM3KwaG3FMGfW4Ed9Q=="
		},
		"vscode-languageserver-types": {
			"version": "3.16.0",
			"resolved": "https://registry.npmjs.org/vscode-languageserver-types/-/vscode-languageserver-types-3.16.0.tgz",
			"integrity": "sha512-k8luDIWJWyenLc5ToFQQMaSrqCHiLwyKPHKPQZ5zz21vM+vIVUSvsRpcbiECH4WR88K2XZqc4ScRcZ7nk/jbeA=="
		}
	}
}
