lockfileVersion: 5.4

specifiers:
  '@types/node': ^17.0.45
  emmet: ^2.3.6
  typescript: ^4.8.4
  vscode-languageserver: ^7.0.0
  vscode-languageserver-textdocument: ^1.0.7

dependencies:
  '@types/node': 17.0.45
  emmet: 2.3.6
  typescript: 4.8.4
  vscode-languageserver: 7.0.0
  vscode-languageserver-textdocument: 1.0.7

packages:

  /@emmetio/abbreviation/2.2.3:
    resolution: {integrity: sha512-87pltuCPt99aL+y9xS6GPZ+Wmmyhll2WXH73gG/xpGcQ84DRnptBsI2r0BeIQ0EB/SQTOe2ANPqFqj3Rj5FOGA==}
    dependencies:
      '@emmetio/scanner': 1.0.0
    dev: false

  /@emmetio/css-abbreviation/2.1.4:
    resolution: {integrity: sha512-qk9L60Y+uRtM5CPbB0y+QNl/1XKE09mSO+AhhSauIfr2YOx/ta3NJw2d8RtCFxgzHeRqFRr8jgyzThbu+MZ4Uw==}
    dependencies:
      '@emmetio/scanner': 1.0.0
    dev: false

  /@emmetio/scanner/1.0.0:
    resolution: {integrity: sha512-8HqW8EVqjnCmWXVpqAOZf+EGESdkR27odcMMMGefgKXtar00SoYNSryGv//TELI4T3QFsECo78p+0lmalk/CFA==}
    dev: false

  /@types/node/17.0.45:
    resolution: {integrity: sha512-w+tIMs3rq2afQdsPJlODhoUEKzFP1ayaoyl1CcnwtIlsVe7K7bA1NGm4s3PraqTLlXnbIN84zuBlxBWo1u9BLw==}
    dev: false

  /emmet/2.3.6:
    resolution: {integrity: sha512-pLS4PBPDdxuUAmw7Me7+TcHbykTsBKN/S9XJbUOMFQrNv9MoshzyMFK/R57JBm94/6HSL4vHnDeEmxlC82NQ4A==}
    dependencies:
      '@emmetio/abbreviation': 2.2.3
      '@emmetio/css-abbreviation': 2.1.4
    dev: false

  /typescript/4.8.4:
    resolution: {integrity: sha512-QCh+85mCy+h0IGff8r5XWzOVSbBO+KfeYrMQh7NJ58QujwcE22u+NUSmUxqF+un70P9GXKxa2HCNiTTMJknyjQ==}
    engines: {node: '>=4.2.0'}
    hasBin: true
    dev: false

  /vscode-jsonrpc/6.0.0:
    resolution: {integrity: sha512-wnJA4BnEjOSyFMvjZdpiOwhSq9uDoK8e/kpRJDTaMYzwlkrhG1fwDIZI94CLsLzlCK5cIbMMtFlJlfR57Lavmg==}
    engines: {node: '>=8.0.0 || >=10.0.0'}
    dev: false

  /vscode-languageserver-protocol/3.16.0:
    resolution: {integrity: sha512-sdeUoAawceQdgIfTI+sdcwkiK2KU+2cbEYA0agzM2uqaUy2UpnnGHtWTHVEtS0ES4zHU0eMFRGN+oQgDxlD66A==}
    dependencies:
      vscode-jsonrpc: 6.0.0
      vscode-languageserver-types: 3.16.0
    dev: false

  /vscode-languageserver-textdocument/1.0.7:
    resolution: {integrity: sha512-bFJH7UQxlXT8kKeyiyu41r22jCZXG8kuuVVA33OEJn1diWOZK5n8zBSPZFHVBOu8kXZ6h0LIRhf5UnCo61J4Hg==}
    dev: false

  /vscode-languageserver-types/3.16.0:
    resolution: {integrity: sha512-k8luDIWJWyenLc5ToFQQMaSrqCHiLwyKPHKPQZ5zz21vM+vIVUSvsRpcbiECH4WR88K2XZqc4ScRcZ7nk/jbeA==}
    dev: false

  /vscode-languageserver/7.0.0:
    resolution: {integrity: sha512-60HTx5ID+fLRcgdHfmz0LDZAXYEV68fzwG0JWwEPBode9NuMYTIxuYXPg4ngO8i8+Ou0lM7y6GzaYWbiDL0drw==}
    hasBin: true
    dependencies:
      vscode-languageserver-protocol: 3.16.0
    dev: false
